Microsoft Visual Studio Solution File, Format Version 12.00
# Visual Studio Version 17
VisualStudioVersion = 17.5.2.0
MinimumVisualStudioVersion = 10.0.40219.1
Project("{FAE04EC0-301F-11D3-BF4B-00C04F79EFBC}") = "PharamaAPI", "PharamaAPI\PharamaAPI.csproj", "{DCA17230-D60A-6744-57D9-B99408B2A7EC}"
EndProject
Global
	GlobalSection(SolutionConfigurationPlatforms) = preSolution
		Debug|Any CPU = Debug|Any CPU
		Release|Any CPU = Release|Any CPU
	EndGlobalSection
	GlobalSection(ProjectConfigurationPlatforms) = postSolution
		{DCA17230-D60A-6744-57D9-B99408B2A7EC}.Debug|Any CPU.ActiveCfg = Debug|Any CPU
		{DCA17230-D60A-6744-57D9-B99408B2A7EC}.Debug|Any CPU.Build.0 = Debug|Any CPU
		{DCA17230-D60A-6744-57D9-B99408B2A7EC}.Release|Any CPU.ActiveCfg = Release|Any CPU
		{DCA17230-D60A-6744-57D9-B99408B2A7EC}.Release|Any CPU.Build.0 = Release|Any CPU
	EndGlobalSection
	GlobalSection(SolutionProperties) = preSolution
		HideSolutionNode = FALSE
	EndGlobalSection
	GlobalSection(ExtensibilityGlobals) = postSolution
		SolutionGuid = {CF1A0A51-CB70-4A99-9E7D-31847C759702}
	EndGlobalSection
EndGlobal
